
Microsoft Visual Studio Solution File, Format Version 12.00
# Visual Studio Version 17
VisualStudioVersion = 17.6.33723.286
MinimumVisualStudioVersion = 10.0.40219.1
Project("{FAE04EC0-301F-11D3-BF4B-00C04F79EFBC}") = "LongestCommonPrefix", "LongestCommonPrefix.csproj", "{B7BBF6F5-BF77-4724-8D6F-0265BBCBC232}"
EndProject
Global
	GlobalSection(SolutionConfigurationPlatforms) = preSolution
		Debug|Any CPU = Debug|Any CPU
		Release|Any CPU = Release|Any CPU
	EndGlobalSection
	GlobalSection(ProjectConfigurationPlatforms) = postSolution
		{B7BBF6F5-BF77-4724-8D6F-0265BBCBC232}.Debug|Any CPU.ActiveCfg = Debug|Any CPU
		{B7BBF6F5-BF77-4724-8D6F-0265BBCBC232}.Debug|Any CPU.Build.0 = Debug|Any CPU
		{B7BBF6F5-BF77-4724-8D6F-0265BBCBC232}.Release|Any CPU.ActiveCfg = Release|Any CPU
		{B7BBF6F5-BF77-4724-8D6F-0265BBCBC232}.Release|Any CPU.Build.0 = Release|Any CPU
	EndGlobalSection
	GlobalSection(SolutionProperties) = preSolution
		HideSolutionNode = FALSE
	EndGlobalSection
	GlobalSection(ExtensibilityGlobals) = postSolution
		SolutionGuid = {64AE11FD-7C34-4722-8C8C-BD518D9B6391}
	EndGlobalSection
EndGlobal
